
Microsoft Visual Studio Solution File, Format Version 12.00
# Visual Studio Version 17
VisualStudioVersion = 17.1.32210.238
MinimumVisualStudioVersion = 10.0.40219.1
Project("{FAE04EC0-301F-11D3-BF4B-00C04F79EFBC}") = "Ex05.Logic", "Ex05.Logic\Ex05.Logic.csproj", "{00480E44-5EEE-4CF4-9FB7-813B56C94A40}"
EndProject
Project("{FAE04EC0-301F-11D3-BF4B-00C04F79EFBC}") = "Ex05.CheckersGUI", "Ex05.CheckersGUI\Ex05.CheckersGUI.csproj", "{3E854A73-EBC4-479C-967E-9073E57138BF}"
EndProject
Global
	GlobalSection(SolutionConfigurationPlatforms) = preSolution
		Debug|Any CPU = Debug|Any CPU
		Release|Any CPU = Release|Any CPU
	EndGlobalSection
	GlobalSection(ProjectConfigurationPlatforms) = postSolution
		{00480E44-5EEE-4CF4-9FB7-813B56C94A40}.Debug|Any CPU.ActiveCfg = Debug|Any CPU
		{00480E44-5EEE-4CF4-9FB7-813B56C94A40}.Debug|Any CPU.Build.0 = Debug|Any CPU
		{00480E44-5EEE-4CF4-9FB7-813B56C94A40}.Release|Any CPU.ActiveCfg = Release|Any CPU
		{00480E44-5EEE-4CF4-9FB7-813B56C94A40}.Release|Any CPU.Build.0 = Release|Any CPU
		{3E854A73-EBC4-479C-967E-9073E57138BF}.Debug|Any CPU.ActiveCfg = Debug|Any CPU
		{3E854A73-EBC4-479C-967E-9073E57138BF}.Debug|Any CPU.Build.0 = Debug|Any CPU
		{3E854A73-EBC4-479C-967E-9073E57138BF}.Release|Any CPU.ActiveCfg = Release|Any CPU
		{3E854A73-EBC4-479C-967E-9073E57138BF}.Release|Any CPU.Build.0 = Release|Any CPU
	EndGlobalSection
	GlobalSection(SolutionProperties) = preSolution
		HideSolutionNode = FALSE
	EndGlobalSection
	GlobalSection(ExtensibilityGlobals) = postSolution
		SolutionGuid = {454A1063-783D-4FA5-B44C-3ADAF8E836CF}
	EndGlobalSection
EndGlobal
